
Microsoft Visual Studio Solution File, Format Version 12.00
# Visual Studio Version 16
VisualStudioVersion = 16.0.32510.428
MinimumVisualStudioVersion = 10.0.40219.1
Project("{8BC9CEB8-8B4A-11D0-8D11-00A0C91BC942}") = "2022_10_03_002_Decisiones_CP2", "2022_10_03_002_Decisiones_CP2.vcxproj", "{BE259758-4C2E-419B-98DE-7665093D1912}"
EndProject
Global
	GlobalSection(SolutionConfigurationPlatforms) = preSolution
		Debug|x64 = Debug|x64
		Debug|x86 = Debug|x86
		Release|x64 = Release|x64
		Release|x86 = Release|x86
	EndGlobalSection
	GlobalSection(ProjectConfigurationPlatforms) = postSolution
		{BE259758-4C2E-419B-98DE-7665093D1912}.Debug|x64.ActiveCfg = Debug|x64
		{BE259758-4C2E-419B-98DE-7665093D1912}.Debug|x64.Build.0 = Debug|x64
		{BE259758-4C2E-419B-98DE-7665093D1912}.Debug|x86.ActiveCfg = Debug|Win32
		{BE259758-4C2E-419B-98DE-7665093D1912}.Debug|x86.Build.0 = Debug|Win32
		{BE259758-4C2E-419B-98DE-7665093D1912}.Release|x64.ActiveCfg = Release|x64
		{BE259758-4C2E-419B-98DE-7665093D1912}.Release|x64.Build.0 = Release|x64
		{BE259758-4C2E-419B-98DE-7665093D1912}.Release|x86.ActiveCfg = Release|Win32
		{BE259758-4C2E-419B-98DE-7665093D1912}.Release|x86.Build.0 = Release|Win32
	EndGlobalSection
	GlobalSection(SolutionProperties) = preSolution
		HideSolutionNode = FALSE
	EndGlobalSection
	GlobalSection(ExtensibilityGlobals) = postSolution
		SolutionGuid = {D5D76024-DCF5-43E7-8D54-DC18A87019ED}
	EndGlobalSection
EndGlobal
